// !$*UTF8*$!
{
	archiveVersion = 1;
	classes = {
	};
	objectVersion = 55;
	objects = {

/* Begin PBXBuildFile section */
		4A71F0652795862E0016F3DA /* AppDelegate.swift in Sources */ = {isa = PBXBuildFile; fileRef = 4A71F0642795862E0016F3DA /* AppDelegate.swift */; };
		4A71F0672795862E0016F3DA /* SceneDelegate.swift in Sources */ = {isa = PBXBuildFile; fileRef = 4A71F0662795862E0016F3DA /* SceneDelegate.swift */; };
		4A71F0692795862E0016F3DA /* ViewController.swift in Sources */ = {isa = PBXBuildFile; fileRef = 4A71F0682795862E0016F3DA /* ViewController.swift */; };
		4A71F06C2795862E0016F3DA /* Main.storyboard in Resources */ = {isa = PBXBuildFile; fileRef = 4A71F06A2795862E0016F3DA /* Main.storyboard */; };
		4A71F06F2795862E0016F3DA /* Loan_Calculator.xcdatamodeld in Sources */ = {isa = PBXBuildFile; fileRef = 4A71F06D2795862E0016F3DA /* Loan_Calculator.xcdatamodeld */; };
		4A71F0712795862F0016F3DA /* Assets.xcassets in Resources */ = {isa = PBXBuildFile; fileRef = 4A71F0702795862F0016F3DA /* Assets.xcassets */; };
		4A71F0742795862F0016F3DA /* LaunchScreen.storyboard in Resources */ = {isa = PBXBuildFile; fileRef = 4A71F0722795862F0016F3DA /* LaunchScreen.storyboard */; };
		4A71F07F279586300016F3DA /* Loan_CalculatorTests.swift in Sources */ = {isa = PBXBuildFile; fileRef = 4A71F07E279586300016F3DA /* Loan_CalculatorTests.swift */; };
		4A71F089279586300016F3DA /* Loan_CalculatorUITests.swift in Sources */ = {isa = PBXBuildFile; fileRef = 4A71F088279586300016F3DA /* Loan_CalculatorUITests.swift */; };
		4A71F08B279586300016F3DA /* Loan_CalculatorUITestsLaunchTests.swift in Sources */ = {isa = PBXBuildFile; fileRef = 4A71F08A279586300016F3DA /* Loan_CalculatorUITestsLaunchTests.swift */; };
		4A71F09827958A3A0016F3DA /* Model.swift in Sources */ = {isa = PBXBuildFile; fileRef = 4A71F09727958A3A0016F3DA /* Model.swift */; };
/* End PBXBuildFile section */

/* Begin PBXContainerItemProxy section */
		4A71F07B279586300016F3DA /* PBXContainerItemProxy */ = {
			isa = PBXContainerItemProxy;
			containerPortal = 4A71F0592795862E0016F3DA /* Project object */;
			proxyType = 1;
			remoteGlobalIDString = 4A71F0602795862E0016F3DA;
			remoteInfo = "Loan Calculator";
		};
		4A71F085279586300016F3DA /* PBXContainerItemProxy */ = {
			isa = PBXContainerItemProxy;
			containerPortal = 4A71F0592795862E0016F3DA /* Project object */;
			proxyType = 1;
			remoteGlobalIDString = 4A71F0602795862E0016F3DA;
			remoteInfo = "Loan Calculator";
		};
/* End PBXContainerItemProxy section */

/* Begin PBXFileReference section */
		4A71F0612795862E0016F3DA /* Loan Calculator.app */ = {isa = PBXFileReference; explicitFileType = wrapper.application; includeInIndex = 0; path = "Loan Calculator.app"; sourceTree = BUILT_PRODUCTS_DIR; };
		4A71F0642795862E0016F3DA /* AppDelegate.swift */ = {isa = PBXFileReference; lastKnownFileType = sourcecode.swift; path = AppDelegate.swift; sourceTree = "<group>"; };
		4A71F0662795862E0016F3DA /* SceneDelegate.swift */ = {isa = PBXFileReference; lastKnownFileType = sourcecode.swift; path = SceneDelegate.swift; sourceTree = "<group>"; };
		4A71F0682795862E0016F3DA /* ViewController.swift */ = {isa = PBXFileReference; lastKnownFileType = sourcecode.swift; path = ViewController.swift; sourceTree = "<group>"; };
		4A71F06B2795862E0016F3DA /* Base */ = {isa = PBXFileReference; lastKnownFileType = file.storyboard; name = Base; path = Base.lproj/Main.storyboard; sourceTree = "<group>"; };
		4A71F06E2795862E0016F3DA /* Loan_Calculator.xcdatamodel */ = {isa = PBXFileReference; lastKnownFileType = wrapper.xcdatamodel; path = Loan_Calculator.xcdatamodel; sourceTree = "<group>"; };
		4A71F0702795862F0016F3DA /* Assets.xcassets */ = {isa = PBXFileReference; lastKnownFileType = folder.assetcatalog; path = Assets.xcassets; sourceTree = "<group>"; };
		4A71F0732795862F0016F3DA /* Base */ = {isa = PBXFileReference; lastKnownFileType = file.storyboard; name = Base; path = Base.lproj/LaunchScreen.storyboard; sourceTree = "<group>"; };
		4A71F0752795862F0016F3DA /* Info.plist */ = {isa = PBXFileReference; lastKnownFileType = text.plist.xml; path = Info.plist; sourceTree = "<group>"; };
		4A71F07A279586300016F3DA /* Loan CalculatorTests.xctest */ = {isa = PBXFileReference; explicitFileType = wrapper.cfbundle; includeInIndex = 0; path = "Loan CalculatorTests.xctest"; sourceTree = BUILT_PRODUCTS_DIR; };
		4A71F07E279586300016F3DA /* Loan_CalculatorTests.swift */ = {isa = PBXFileReference; lastKnownFileType = sourcecode.swift; path = Loan_CalculatorTests.swift; sourceTree = "<group>"; };
		4A71F084279586300016F3DA /* Loan CalculatorUITests.xctest */ = {isa = PBXFileReference; explicitFileType = wrapper.cfbundle; includeInIndex = 0; path = "Loan CalculatorUITests.xctest"; sourceTree = BUILT_PRODUCTS_DIR; };
		4A71F088279586300016F3DA /* Loan_CalculatorUITests.swift */ = {isa = PBXFileReference; lastKnownFileType = sourcecode.swift; path = Loan_CalculatorUITests.swift; sourceTree = "<group>"; };
		4A71F08A279586300016F3DA /* Loan_CalculatorUITestsLaunchTests.swift */ = {isa = PBXFileReference; lastKnownFileType = sourcecode.swift; path = Loan_CalculatorUITestsLaunchTests.swift; sourceTree = "<group>"; };
		4A71F09727958A3A0016F3DA /* Model.swift */ = {isa = PBXFileReference; lastKnownFileType = sourcecode.swift; path = Model.swift; sourceTree = "<group>"; };
/* End PBXFileReference section */

/* Begin PBXFrameworksBuildPhase section */
		4A71F05E2795862E0016F3DA /* Frameworks */ = {
			isa = PBXFrameworksBuildPhase;
			buildActionMask = 2147483647;
			files = (
			);
			runOnlyForDeploymentPostprocessing = 0;
		};
		4A71F077279586300016F3DA /* Frameworks */ = {
			isa = PBXFrameworksBuildPhase;
			buildActionMask = 2147483647;
			files = (
			);
			runOnlyForDeploymentPostprocessing = 0;
		};
		4A71F081279586300016F3DA /* Frameworks */ = {
			isa = PBXFrameworksBuildPhase;
			buildActionMask = 2147483647;
			files = (
			);
			runOnlyForDeploymentPostprocessing = 0;
		};
/* End PBXFrameworksBuildPhase section */

/* Begin PBXGroup section */
		4A71F0582795862E0016F3DA = {
			isa = PBXGroup;
			children = (
				4A71F0632795862E0016F3DA /* Loan Calculator */,
				4A71F07D279586300016F3DA /* Loan CalculatorTests */,
				4A71F087279586300016F3DA /* Loan CalculatorUITests */,
				4A71F0622795862E0016F3DA /* Products */,
			);
			sourceTree = "<group>";
		};
		4A71F0622795862E0016F3DA /* Products */ = {
			isa = PBXGroup;
			children = (
				4A71F0612795862E0016F3DA /* Loan Calculator.app */,
				4A71F07A279586300016F3DA /* Loan CalculatorTests.xctest */,
				4A71F084279586300016F3DA /* Loan CalculatorUITests.xctest */,
			);
			name = Products;
			sourceTree = "<group>";
		};
		4A71F0632795862E0016F3DA /* Loan Calculator */ = {
			isa = PBXGroup;
			children = (
				4A71F0642795862E0016F3DA /* AppDelegate.swift */,
				4A71F0662795862E0016F3DA /* SceneDelegate.swift */,
				4A71F0682795862E0016F3DA /* ViewController.swift */,
				4A71F09727958A3A0016F3DA /* Model.swift */,
				4A71F06A2795862E0016F3DA /* Main.storyboard */,
				4A71F0702795862F0016F3DA /* Assets.xcassets */,
				4A71F0722795862F0016F3DA /* LaunchScreen.storyboard */,
				4A71F0752795862F0016F3DA /* Info.plist */,
				4A71F06D2795862E0016F3DA /* Loan_Calculator.xcdatamodeld */,
			);
			path = "Loan Calculator";
			sourceTree = "<group>";
		};
		4A71F07D279586300016F3DA /* Loan CalculatorTests */ = {
			isa = PBXGroup;
			children = (
				4A71F07E279586300016F3DA /* Loan_CalculatorTests.swift */,
			);
			path = "Loan CalculatorTests";
			sourceTree = "<group>";
		};
		4A71F087279586300016F3DA /* Loan CalculatorUITests */ = {
			isa = PBXGroup;
			children = (
				4A71F088279586300016F3DA /* Loan_CalculatorUITests.swift */,
				4A71F08A279586300016F3DA /* Loan_CalculatorUITestsLaunchTests.swift */,
			);
			path = "Loan CalculatorUITests";
			sourceTree = "<group>";
		};
/* End PBXGroup section */

/* Begin PBXNativeTarget section */
		4A71F0602795862E0016F3DA /* Loan Calculator */ = {
			isa = PBXNativeTarget;
			buildConfigurationList = 4A71F08E279586300016F3DA /* Build configuration list for PBXNativeTarget "Loan Calculator" */;
			buildPhases = (
				4A71F05D2795862E0016F3DA /* Sources */,
				4A71F05E2795862E0016F3DA /* Frameworks */,
				4A71F05F2795862E0016F3DA /* Resources */,
			);
			buildRules = (
			);
			dependencies = (
			);
			name = "Loan Calculator";
			productName = "Loan Calculator";
			productReference = 4A71F0612795862E0016F3DA /* Loan Calculator.app */;
			productType = "com.apple.product-type.application";
		};
		4A71F079279586300016F3DA /* Loan CalculatorTests */ = {
			isa = PBXNativeTarget;
			buildConfigurationList = 4A71F091279586300016F3DA /* Build configuration list for PBXNativeTarget "Loan CalculatorTests" */;
			buildPhases = (
				4A71F076279586300016F3DA /* Sources */,
				4A71F077279586300016F3DA /* Frameworks */,
				4A71F078279586300016F3DA /* Resources */,
			);
			buildRules = (
			);
			dependencies = (
				4A71F07C279586300016F3DA /* PBXTargetDependency */,
			);
			name = "Loan CalculatorTests";
			productName = "Loan CalculatorTests";
			productReference = 4A71F07A279586300016F3DA /* Loan CalculatorTests.xctest */;
			productType = "com.apple.product-type.bundle.unit-test";
		};
		4A71F083279586300016F3DA /* Loan CalculatorUITests */ = {
			isa = PBXNativeTarget;
			buildConfigurationList = 4A71F094279586300016F3DA /* Build configuration list for PBXNativeTarget "Loan CalculatorUITests" */;
			buildPhases = (
				4A71F080279586300016F3DA /* Sources */,
				4A71F081279586300016F3DA /* Frameworks */,
				4A71F082279586300016F3DA /* Resources */,
			);
			buildRules = (
			);
			dependencies = (
				4A71F086279586300016F3DA /* PBXTargetDependency */,
			);
			name = "Loan CalculatorUITests";
			productName = "Loan CalculatorUITests";
			productReference = 4A71F084279586300016F3DA /* Loan CalculatorUITests.xctest */;
			productType = "com.apple.product-type.bundle.ui-testing";
		};
/* End PBXNativeTarget section */

/* Begin PBXProject section */
		4A71F0592795862E0016F3DA /* Project object */ = {
			isa = PBXProject;
			attributes = {
				BuildIndependentTargetsInParallel = 1;
				LastSwiftUpdateCheck = 1310;
				LastUpgradeCheck = 1310;
				TargetAttributes = {
					4A71F0602795862E0016F3DA = {
						CreatedOnToolsVersion = 13.1;
					};
					4A71F079279586300016F3DA = {
						CreatedOnToolsVersion = 13.1;
						TestTargetID = 4A71F0602795862E0016F3DA;
					};
					4A71F083279586300016F3DA = {
						CreatedOnToolsVersion = 13.1;
						TestTargetID = 4A71F0602795862E0016F3DA;
					};
				};
			};
			buildConfigurationList = 4A71F05C2795862E0016F3DA /* Build configuration list for PBXProject "Loan Calculator" */;
			compatibilityVersion = "Xcode 13.0";
			developmentRegion = en;
			hasScannedForEncodings = 0;
			knownRegions = (
				en,
				Base,
			);
			mainGroup = 4A71F0582795862E0016F3DA;
			productRefGroup = 4A71F0622795862E0016F3DA /* Products */;
			projectDirPath = "";
			projectRoot = "";
			targets = (
				4A71F0602795862E0016F3DA /* Loan Calculator */,
				4A71F079279586300016F3DA /* Loan CalculatorTests */,
				4A71F083279586300016F3DA /* Loan CalculatorUITests */,
			);
		};
/* End PBXProject section */

/* Begin PBXResourcesBuildPhase section */
		4A71F05F2795862E0016F3DA /* Resources */ = {
			isa = PBXResourcesBuildPhase;
			buildActionMask = 2147483647;
			files = (
				4A71F0742795862F0016F3DA /* LaunchScreen.storyboard in Resources */,
				4A71F0712795862F0016F3DA /* Assets.xcassets in Resources */,
				4A71F06C2795862E0016F3DA /* Main.storyboard in Resources */,
			);
			runOnlyForDeploymentPostprocessing = 0;
		};
		4A71F078279586300016F3DA /* Resources */ = {
			isa = PBXResourcesBuildPhase;
			buildActionMask = 2147483647;
			files = (
			);
			runOnlyForDeploymentPostprocessing = 0;
		};
		4A71F082279586300016F3DA /* Resources */ = {
			isa = PBXResourcesBuildPhase;
			buildActionMask = 2147483647;
			files = (
			);
			runOnlyForDeploymentPostprocessing = 0;
		};
/* End PBXResourcesBuildPhase section */

/* Begin PBXSourcesBuildPhase section */
		4A71F05D2795862E0016F3DA /* Sources */ = {
			isa = PBXSourcesBuildPhase;
			buildActionMask = 2147483647;
			files = (
				4A71F09827958A3A0016F3DA /* Model.swift in Sources */,
				4A71F0692795862E0016F3DA /* ViewController.swift in Sources */,
				4A71F0652795862E0016F3DA /* AppDelegate.swift in Sources */,
				4A71F0672795862E0016F3DA /* SceneDelegate.swift in Sources */,
				4A71F06F2795862E0016F3DA /* Loan_Calculator.xcdatamodeld in Sources */,
			);
			runOnlyForDeploymentPostprocessing = 0;
		};
		4A71F076279586300016F3DA /* Sources */ = {
			isa = PBXSourcesBuildPhase;
			buildActionMask = 2147483647;
			files = (
				4A71F07F279586300016F3DA /* Loan_CalculatorTests.swift in Sources */,
			);
			runOnlyForDeploymentPostprocessing = 0;
		};
		4A71F080279586300016F3DA /* Sources */ = {
			isa = PBXSourcesBuildPhase;
			buildActionMask = 2147483647;
			files = (
				4A71F08B279586300016F3DA /* Loan_CalculatorUITestsLaunchTests.swift in Sources */,
				4A71F089279586300016F3DA /* Loan_CalculatorUITests.swift in Sources */,
			);
			runOnlyForDeploymentPostprocessing = 0;
		};
/* End PBXSourcesBuildPhase section */

/* Begin PBXTargetDependency section */
		4A71F07C279586300016F3DA /* PBXTargetDependency */ = {
			isa = PBXTargetDependency;
			target = 4A71F0602795862E0016F3DA /* Loan Calculator */;
			targetProxy = 4A71F07B279586300016F3DA /* PBXContainerItemProxy */;
		};
		4A71F086279586300016F3DA /* PBXTargetDependency */ = {
			isa = PBXTargetDependency;
			target = 4A71F0602795862E0016F3DA /* Loan Calculator */;
			targetProxy = 4A71F085279586300016F3DA /* PBXContainerItemProxy */;
		};
/* End PBXTargetDependency section */

/* Begin PBXVariantGroup section */
		4A71F06A2795862E0016F3DA /* Main.storyboard */ = {
			isa = PBXVariantGroup;
			children = (
				4A71F06B2795862E0016F3DA /* Base */,
			);
			name = Main.storyboard;
			sourceTree = "<group>";
		};
		4A71F0722795862F0016F3DA /* LaunchScreen.storyboard */ = {
			isa = PBXVariantGroup;
			children = (
				4A71F0732795862F0016F3DA /* Base */,
			);
			name = LaunchScreen.storyboard;
			sourceTree = "<group>";
		};
/* End PBXVariantGroup section */

/* Begin XCBuildConfiguration section */
		4A71F08C279586300016F3DA /* Debug */ = {
			isa = XCBuildConfiguration;
			buildSettings = {
				ALWAYS_SEARCH_USER_PATHS = NO;
				CLANG_ANALYZER_NONNULL = YES;
				CLANG_ANALYZER_NUMBER_OBJECT_CONVERSION = YES_AGGRESSIVE;
				CLANG_CXX_LANGUAGE_STANDARD = "gnu++17";
				CLANG_CXX_LIBRARY = "libc++";
				CLANG_ENABLE_MODULES = YES;
				CLANG_ENABLE_OBJC_ARC = YES;
				CLANG_ENABLE_OBJC_WEAK = YES;
				CLANG_WARN_BLOCK_CAPTURE_AUTORELEASING = YES;
				CLANG_WARN_BOOL_CONVERSION = YES;
				CLANG_WARN_COMMA = YES;
				CLANG_WARN_CONSTANT_CONVERSION = YES;
				CLANG_WARN_DEPRECATED_OBJC_IMPLEMENTATIONS = YES;
				CLANG_WARN_DIRECT_OBJC_ISA_USAGE = YES_ERROR;
				CLANG_WARN_DOCUMENTATION_COMMENTS = YES;
				CLANG_WARN_EMPTY_BODY = YES;
				CLANG_WARN_ENUM_CONVERSION = YES;
				CLANG_WARN_INFINITE_RECURSION = YES;
				CLANG_WARN_INT_CONVERSION = YES;
				CLANG_WARN_NON_LITERAL_NULL_CONVERSION = YES;
				CLANG_WARN_OBJC_IMPLICIT_RETAIN_SELF = YES;
				CLANG_WARN_OBJC_LITERAL_CONVERSION = YES;
				CLANG_WARN_OBJC_ROOT_CLASS = YES_ERROR;
				CLANG_WARN_QUOTED_INCLUDE_IN_FRAMEWORK_HEADER = YES;
				CLANG_WARN_RANGE_LOOP_ANALYSIS = YES;
				CLANG_WARN_STRICT_PROTOTYPES = YES;
				CLANG_WARN_SUSPICIOUS_MOVE = YES;
				CLANG_WARN_UNGUARDED_AVAILABILITY = YES_AGGRESSIVE;
				CLANG_WARN_UNREACHABLE_CODE = YES;
				CLANG_WARN__DUPLICATE_METHOD_MATCH = YES;
				COPY_PHASE_STRIP = NO;
				DEBUG_INFORMATION_FORMAT = dwarf;
				ENABLE_STRICT_OBJC_MSGSEND = YES;
				ENABLE_TESTABILITY = YES;
				GCC_C_LANGUAGE_STANDARD = gnu11;
				GCC_DYNAMIC_NO_PIC = NO;
				GCC_NO_COMMON_BLOCKS = YES;
				GCC_OPTIMIZATION_LEVEL = 0;
				GCC_PREPROCESSOR_DEFINITIONS = (
					"DEBUG=1",
					"$(inherited)",
				);
				GCC_WARN_64_TO_32_BIT_CONVERSION = YES;
				GCC_WARN_ABOUT_RETURN_TYPE = YES_ERROR;
				GCC_WARN_UNDECLARED_SELECTOR = YES;
				GCC_WARN_UNINITIALIZED_AUTOS = YES_AGGRESSIVE;
				GCC_WARN_UNUSED_FUNCTION = YES;
				GCC_WARN_UNUSED_VARIABLE = YES;
				IPHONEOS_DEPLOYMENT_TARGET = 15.0;
				MTL_ENABLE_DEBUG_INFO = INCLUDE_SOURCE;
				MTL_FAST_MATH = YES;
				ONLY_ACTIVE_ARCH = YES;
				SDKROOT = iphoneos;
				SWIFT_ACTIVE_COMPILATION_CONDITIONS = DEBUG;
				SWIFT_OPTIMIZATION_LEVEL = "-Onone";
			};
			name = Debug;
		};
		4A71F08D279586300016F3DA /* Release */ = {
			isa = XCBuildConfiguration;
			buildSettings = {
				ALWAYS_SEARCH_USER_PATHS = NO;
				CLANG_ANALYZER_NONNULL = YES;
				CLANG_ANALYZER_NUMBER_OBJECT_CONVERSION = YES_AGGRESSIVE;
				CLANG_CXX_LANGUAGE_STANDARD = "gnu++17";
				CLANG_CXX_LIBRARY = "libc++";
				CLANG_ENABLE_MODULES = YES;
				CLANG_ENABLE_OBJC_ARC = YES;
				CLANG_ENABLE_OBJC_WEAK = YES;
				CLANG_WARN_BLOCK_CAPTURE_AUTORELEASING = YES;
				CLANG_WARN_BOOL_CONVERSION = YES;
				CLANG_WARN_COMMA = YES;
				CLANG_WARN_CONSTANT_CONVERSION = YES;
				CLANG_WARN_DEPRECATED_OBJC_IMPLEMENTATIONS = YES;
				CLANG_WARN_DIRECT_OBJC_ISA_USAGE = YES_ERROR;
				CLANG_WARN_DOCUMENTATION_COMMENTS = YES;
				CLANG_WARN_EMPTY_BODY = YES;
				CLANG_WARN_ENUM_CONVERSION = YES;
				CLANG_WARN_INFINITE_RECURSION = YES;
				CLANG_WARN_INT_CONVERSION = YES;
				CLANG_WARN_NON_LITERAL_NULL_CONVERSION = YES;
				CLANG_WARN_OBJC_IMPLICIT_RETAIN_SELF = YES;
				CLANG_WARN_OBJC_LITERAL_CONVERSION = YES;
				CLANG_WARN_OBJC_ROOT_CLASS = YES_ERROR;
				CLANG_WARN_QUOTED_INCLUDE_IN_FRAMEWORK_HEADER = YES;
				CLANG_WARN_RANGE_LOOP_ANALYSIS = YES;
				CLANG_WARN_STRICT_PROTOTYPES = YES;
				CLANG_WARN_SUSPICIOUS_MOVE = YES;
				CLANG_WARN_UNGUARDED_AVAILABILITY = YES_AGGRESSIVE;
				CLANG_WARN_UNREACHABLE_CODE = YES;
				CLANG_WARN__DUPLICATE_METHOD_MATCH = YES;
				COPY_PHASE_STRIP = NO;
				DEBUG_INFORMATION_FORMAT = "dwarf-with-dsym";
				ENABLE_NS_ASSERTIONS = NO;
				ENABLE_STRICT_OBJC_MSGSEND = YES;
				GCC_C_LANGUAGE_STANDARD = gnu11;
				GCC_NO_COMMON_BLOCKS = YES;
				GCC_WARN_64_TO_32_BIT_CONVERSION = YES;
				GCC_WARN_ABOUT_RETURN_TYPE = YES_ERROR;
				GCC_WARN_UNDECLARED_SELECTOR = YES;
				GCC_WARN_UNINITIALIZED_AUTOS = YES_AGGRESSIVE;
				GCC_WARN_UNUSED_FUNCTION = YES;
				GCC_WARN_UNUSED_VARIABLE = YES;
				IPHONEOS_DEPLOYMENT_TARGET = 15.0;
				MTL_ENABLE_DEBUG_INFO = NO;
				MTL_FAST_MATH = YES;
				SDKROOT = iphoneos;
				SWIFT_COMPILATION_MODE = wholemodule;
				SWIFT_OPTIMIZATION_LEVEL = "-O";
				VALIDATE_PRODUCT = YES;
			};
			name = Release;
		};
		4A71F08F279586300016F3DA /* Debug */ = {
			isa = XCBuildConfiguration;
			buildSettings = {
				ASSETCATALOG_COMPILER_APPICON_NAME = AppIcon;
				ASSETCATALOG_COMPILER_GLOBAL_ACCENT_COLOR_NAME = AccentColor;
				CODE_SIGN_STYLE = Automatic;
				CURRENT_PROJECT_VERSION = 1;
				DEVELOPMENT_TEAM = 28P4VGRC5F;
				GENERATE_INFOPLIST_FILE = YES;
				INFOPLIST_FILE = "Loan Calculator/Info.plist";
				INFOPLIST_KEY_UIApplicationSupportsIndirectInputEvents = YES;
				INFOPLIST_KEY_UILaunchStoryboardName = LaunchScreen;
				INFOPLIST_KEY_UIMainStoryboardFile = Main;
				INFOPLIST_KEY_UISupportedInterfaceOrientations_iPad = "UIInterfaceOrientationPortrait UIInterfaceOrientationPortraitUpsideDown UIInterfaceOrientationLandscapeLeft UIInterfaceOrientationLandscapeRight";
				INFOPLIST_KEY_UISupportedInterfaceOrientations_iPhone = "UIInterfaceOrientationPortrait UIInterfaceOrientationLandscapeLeft UIInterfaceOrientationLandscapeRight";
				LD_RUNPATH_SEARCH_PATHS = (
					"$(inherited)",
					"@executable_path/Frameworks",
				);
				MARKETING_VERSION = 1.0;
				PRODUCT_BUNDLE_IDENTIFIER = "A.Loan-Calculator";
				PRODUCT_NAME = "$(TARGET_NAME)";
				SWIFT_EMIT_LOC_STRINGS = YES;
				SWIFT_VERSION = 5.0;
				TARGETED_DEVICE_FAMILY = "1,2";
			};
			name = Debug;
		};
		4A71F090279586300016F3DA /* Release */ = {
			isa = XCBuildConfiguration;
			buildSettings = {
				ASSETCATALOG_COMPILER_APPICON_NAME = AppIcon;
				ASSETCATALOG_COMPILER_GLOBAL_ACCENT_COLOR_NAME = AccentColor;
				CODE_SIGN_STYLE = Automatic;
				CURRENT_PROJECT_VERSION = 1;
				DEVELOPMENT_TEAM = 28P4VGRC5F;
				GENERATE_INFOPLIST_FILE = YES;
				INFOPLIST_FILE = "Loan Calculator/Info.plist";
				INFOPLIST_KEY_UIApplicationSupportsIndirectInputEvents = YES;
				INFOPLIST_KEY_UILaunchStoryboardName = LaunchScreen;
				INFOPLIST_KEY_UIMainStoryboardFile = Main;
				INFOPLIST_KEY_UISupportedInterfaceOrientations_iPad = "UIInterfaceOrientationPortrait UIInterfaceOrientationPortraitUpsideDown UIInterfaceOrientationLandscapeLeft UIInterfaceOrientationLandscapeRight";
				INFOPLIST_KEY_UISupportedInterfaceOrientations_iPhone = "UIInterfaceOrientationPortrait UIInterfaceOrientationLandscapeLeft UIInterfaceOrientationLandscapeRight";
				LD_RUNPATH_SEARCH_PATHS = (
					"$(inherited)",
					"@executable_path/Frameworks",
				);
				MARKETING_VERSION = 1.0;
				PRODUCT_BUNDLE_IDENTIFIER = "A.Loan-Calculator";
				PRODUCT_NAME = "$(TARGET_NAME)";
				SWIFT_EMIT_LOC_STRINGS = YES;
				SWIFT_VERSION = 5.0;
				TARGETED_DEVICE_FAMILY = "1,2";
			};
			name = Release;
		};
		4A71F092279586300016F3DA /* Debug */ = {
			isa = XCBuildConfiguration;
			buildSettings = {
				ALWAYS_EMBED_SWIFT_STANDARD_LIBRARIES = YES;
				BUNDLE_LOADER = "$(TEST_HOST)";
				CODE_SIGN_STYLE = Automatic;
				CURRENT_PROJECT_VERSION = 1;
				DEVELOPMENT_TEAM = 28P4VGRC5F;
				GENERATE_INFOPLIST_FILE = YES;
				IPHONEOS_DEPLOYMENT_TARGET = 15.0;
				LD_RUNPATH_SEARCH_PATHS = (
					"$(inherited)",
					"@executable_path/Frameworks",
					"@loader_path/Frameworks",
				);
				MARKETING_VERSION = 1.0;
				PRODUCT_BUNDLE_IDENTIFIER = "A.Loan-CalculatorTests";
				PRODUCT_NAME = "$(TARGET_NAME)";
				SWIFT_EMIT_LOC_STRINGS = NO;
				SWIFT_VERSION = 5.0;
				TARGETED_DEVICE_FAMILY = "1,2";
				TEST_HOST = "$(BUILT_PRODUCTS_DIR)/Loan Calculator.app/Loan Calculator";
			};
			name = Debug;
		};
		4A71F093279586300016F3DA /* Release */ = {
			isa = XCBuildConfiguration;
			buildSettings = {
				ALWAYS_EMBED_SWIFT_STANDARD_LIBRARIES = YES;
				BUNDLE_LOADER = "$(TEST_HOST)";
				CODE_SIGN_STYLE = Automatic;
				CURRENT_PROJECT_VERSION = 1;
				DEVELOPMENT_TEAM = 28P4VGRC5F;
				GENERATE_INFOPLIST_FILE = YES;
				IPHONEOS_DEPLOYMENT_TARGET = 15.0;
				LD_RUNPATH_SEARCH_PATHS = (
					"$(inherited)",
					"@executable_path/Frameworks",
					"@loader_path/Frameworks",
				);
				MARKETING_VERSION = 1.0;
				PRODUCT_BUNDLE_IDENTIFIER = "A.Loan-CalculatorTests";
				PRODUCT_NAME = "$(TARGET_NAME)";
				SWIFT_EMIT_LOC_STRINGS = NO;
				SWIFT_VERSION = 5.0;
				TARGETED_DEVICE_FAMILY = "1,2";
				TEST_HOST = "$(BUILT_PRODUCTS_DIR)/Loan Calculator.app/Loan Calculator";
			};
			name = Release;
		};
		4A71F095279586300016F3DA /* Debug */ = {
			isa = XCBuildConfiguration;
			buildSettings = {
				ALWAYS_EMBED_SWIFT_STANDARD_LIBRARIES = YES;
				CODE_SIGN_STYLE = Automatic;
				CURRENT_PROJECT_VERSION = 1;
				DEVELOPMENT_TEAM = 28P4VGRC5F;
				GENERATE_INFOPLIST_FILE = YES;
				LD_RUNPATH_SEARCH_PATHS = (
					"$(inherited)",
					"@executable_path/Frameworks",
					"@loader_path/Frameworks",
				);
				MARKETING_VERSION = 1.0;
				PRODUCT_BUNDLE_IDENTIFIER = "A.Loan-CalculatorUITests";
				PRODUCT_NAME = "$(TARGET_NAME)";
				SWIFT_EMIT_LOC_STRINGS = NO;
				SWIFT_VERSION = 5.0;
				TARGETED_DEVICE_FAMILY = "1,2";
				TEST_TARGET_NAME = "Loan Calculator";
			};
			name = Debug;
		};
		4A71F096279586300016F3DA /* Release */ = {
			isa = XCBuildConfiguration;
			buildSettings = {
				ALWAYS_EMBED_SWIFT_STANDARD_LIBRARIES = YES;
				CODE_SIGN_STYLE = Automatic;
				CURRENT_PROJECT_VERSION = 1;
				DEVELOPMENT_TEAM = 28P4VGRC5F;
				GENERATE_INFOPLIST_FILE = YES;
				LD_RUNPATH_SEARCH_PATHS = (
					"$(inherited)",
					"@executable_path/Frameworks",
					"@loader_path/Frameworks",
				);
				MARKETING_VERSION = 1.0;
				PRODUCT_BUNDLE_IDENTIFIER = "A.Loan-CalculatorUITests";
				PRODUCT_NAME = "$(TARGET_NAME)";
				SWIFT_EMIT_LOC_STRINGS = NO;
				SWIFT_VERSION = 5.0;
				TARGETED_DEVICE_FAMILY = "1,2";
				TEST_TARGET_NAME = "Loan Calculator";
			};
			name = Release;
		};
/* End XCBuildConfiguration section */

/* Begin XCConfigurationList section */
		4A71F05C2795862E0016F3DA /* Build configuration list for PBXProject "Loan Calculator" */ = {
			isa = XCConfigurationList;
			buildConfigurations = (
				4A71F08C279586300016F3DA /* Debug */,
				4A71F08D279586300016F3DA /* Release */,
			);
			defaultConfigurationIsVisible = 0;
			defaultConfigurationName = Release;
		};
		4A71F08E279586300016F3DA /* Build configuration list for PBXNativeTarget "Loan Calculator" */ = {
			isa = XCConfigurationList;
			buildConfigurations = (
				4A71F08F279586300016F3DA /* Debug */,
				4A71F090279586300016F3DA /* Release */,
			);
			defaultConfigurationIsVisible = 0;
			defaultConfigurationName = Release;
		};
		4A71F091279586300016F3DA /* Build configuration list for PBXNativeTarget "Loan CalculatorTests" */ = {
			isa = XCConfigurationList;
			buildConfigurations = (
				4A71F092279586300016F3DA /* Debug */,
				4A71F093279586300016F3DA /* Release */,
			);
			defaultConfigurationIsVisible = 0;
			defaultConfigurationName = Release;
		};
		4A71F094279586300016F3DA /* Build configuration list for PBXNativeTarget "Loan CalculatorUITests" */ = {
			isa = XCConfigurationList;
			buildConfigurations = (
				4A71F095279586300016F3DA /* Debug */,
				4A71F096279586300016F3DA /* Release */,
			);
			defaultConfigurationIsVisible = 0;
			defaultConfigurationName = Release;
		};
/* End XCConfigurationList section */

/* Begin XCVersionGroup section */
		4A71F06D2795862E0016F3DA /* Loan_Calculator.xcdatamodeld */ = {
			isa = XCVersionGroup;
			children = (
				4A71F06E2795862E0016F3DA /* Loan_Calculator.xcdatamodel */,
			);
			currentVersion = 4A71F06E2795862E0016F3DA /* Loan_Calculator.xcdatamodel */;
			path = Loan_Calculator.xcdatamodeld;
			sourceTree = "<group>";
			versionGroupType = wrapper.xcdatamodel;
		};
/* End XCVersionGroup section */
	};
	rootObject = 4A71F0592795862E0016F3DA /* Project object */;
}
